{
  "nodes": {
    "ghostel-src": {
      "flake": false,
      "locked": {
        "lastModified": 1783944459,
        "narHash": "sha256-Re7KSXgOb8C6jCsQZousVUD+UZpZnQyxXCyBueFdX3k=",
        "ref": "refs/heads/main",
        "rev": "fccade496050fde96369950ee1d9976cf78fa63b",
        "revCount": 700,
        "submodules": true,
        "type": "git",
        "url": "https://github.com/dakra/ghostel"
      },
      "original": {
        "submodules": true,
        "type": "git",
        "url": "https://github.com/dakra/ghostel"
      }
    },
    "nixpkgs": {
      "locked": {
        "lastModified": 1783776592,
        "narHash": "sha256-UgCQzxeWI75XM8G+hPrPh+MKzEPjG3SpAj7dtqSbksA=",
        "owner": "NixOS",
        "repo": "nixpkgs",
        "rev": "e7a3ca8092b61ff85b6a45bf863ea2b2d6a661b3",
        "type": "github"
      },
      "original": {
        "owner": "NixOS",
        "ref": "nixos-unstable",
        "repo": "nixpkgs",
        "type": "github"
      }
    },
    "root": {
      "inputs": {
        "ghostel-src": "ghostel-src",
        "nixpkgs": "nixpkgs"
      }
    }
  },
  "root": "root",
  "version": 7
}
